// !$*UTF8*$!
{
	archiveVersion = 1;
	classes = {
	};
	objectVersion = 50;
	objects = {

/* Begin PBXBuildFile section */
		CC3CDB08247174EE00F20ACC /* AppDelegate.m in Sources */ = {isa = PBXBuildFile; fileRef = CC3CDB07247174EE00F20ACC /* AppDelegate.m */; };
		CC3CDB0B247174EE00F20ACC /* ViewController.m in Sources */ = {isa = PBXBuildFile; fileRef = CC3CDB0A247174EE00F20ACC /* ViewController.m */; };
		CC3CDB0D247174EF00F20ACC /* Assets.xcassets in Resources */ = {isa = PBXBuildFile; fileRef = CC3CDB0C247174EF00F20ACC /* Assets.xcassets */; };
		CC3CDB10247174EF00F20ACC /* Main.storyboard in Resources */ = {isa = PBXBuildFile; fileRef = CC3CDB0E247174EF00F20ACC /* Main.storyboard */; };
		CC3CDB13247174EF00F20ACC /* main.m in Sources */ = {isa = PBXBuildFile; fileRef = CC3CDB12247174EF00F20ACC /* main.m */; };
		CC3CDB3824717DBE00F20ACC /* NetworkExtension.framework in Frameworks */ = {isa = PBXBuildFile; fileRef = CC3CDB3724717DBE00F20ACC /* NetworkExtension.framework */; };
		CC3CDB3C24717DBE00F20ACC /* FilterPacketProvider.m in Sources */ = {isa = PBXBuildFile; fileRef = CC3CDB3B24717DBE00F20ACC /* FilterPacketProvider.m */; };
		CC3CDB3E24717DBF00F20ACC /* main.m in Sources */ = {isa = PBXBuildFile; fileRef = CC3CDB3D24717DBE00F20ACC /* main.m */; };
		CC3CDB4324717DBF00F20ACC /* io.github.dyumin.networkman.netd.systemextension in Embed System Extensions */ = {isa = PBXBuildFile; fileRef = CC3CDB3524717DBE00F20ACC /* io.github.dyumin.networkman.netd.systemextension */; settings = {ATTRIBUTES = (RemoveHeadersOnCopy, ); }; };
/* End PBXBuildFile section */

/* Begin PBXContainerItemProxy section */
		CC3CDB4124717DBF00F20ACC /* PBXContainerItemProxy */ = {
			isa = PBXContainerItemProxy;
			containerPortal = CC3CDAFB247174ED00F20ACC /* Project object */;
			proxyType = 1;
			remoteGlobalIDString = CC3CDB3424717DBE00F20ACC;
			remoteInfo = netd;
		};
/* End PBXContainerItemProxy section */

/* Begin PBXCopyFilesBuildPhase section */
		CC3CDB4424717DBF00F20ACC /* Embed System Extensions */ = {
			isa = PBXCopyFilesBuildPhase;
			buildActionMask = 2147483647;
			dstPath = "$(SYSTEM_EXTENSIONS_FOLDER_PATH)";
			dstSubfolderSpec = 16;
			files = (
				CC3CDB4324717DBF00F20ACC /* io.github.dyumin.networkman.netd.systemextension in Embed System Extensions */,
			);
			name = "Embed System Extensions";
			runOnlyForDeploymentPostprocessing = 0;
		};
/* End PBXCopyFilesBuildPhase section */

/* Begin PBXFileReference section */
		CC3CDB03247174ED00F20ACC /* Networkman.app */ = {isa = PBXFileReference; explicitFileType = wrapper.application; includeInIndex = 0; path = Networkman.app; sourceTree = BUILT_PRODUCTS_DIR; };
		CC3CDB06247174EE00F20ACC /* AppDelegate.h */ = {isa = PBXFileReference; lastKnownFileType = sourcecode.c.h; path = AppDelegate.h; sourceTree = "<group>"; };
		CC3CDB07247174EE00F20ACC /* AppDelegate.m */ = {isa = PBXFileReference; lastKnownFileType = sourcecode.c.objc; path = AppDelegate.m; sourceTree = "<group>"; };
		CC3CDB09247174EE00F20ACC /* ViewController.h */ = {isa = PBXFileReference; lastKnownFileType = sourcecode.c.h; path = ViewController.h; sourceTree = "<group>"; };
		CC3CDB0A247174EE00F20ACC /* ViewController.m */ = {isa = PBXFileReference; lastKnownFileType = sourcecode.c.objc; path = ViewController.m; sourceTree = "<group>"; };
		CC3CDB0C247174EF00F20ACC /* Assets.xcassets */ = {isa = PBXFileReference; lastKnownFileType = folder.assetcatalog; path = Assets.xcassets; sourceTree = "<group>"; };
		CC3CDB0F247174EF00F20ACC /* Base */ = {isa = PBXFileReference; lastKnownFileType = file.storyboard; name = Base; path = Base.lproj/Main.storyboard; sourceTree = "<group>"; };
		CC3CDB11247174EF00F20ACC /* Info.plist */ = {isa = PBXFileReference; lastKnownFileType = text.plist.xml; path = Info.plist; sourceTree = "<group>"; };
		CC3CDB12247174EF00F20ACC /* main.m */ = {isa = PBXFileReference; lastKnownFileType = sourcecode.c.objc; path = main.m; sourceTree = "<group>"; };
		CC3CDB14247174EF00F20ACC /* Networkman.entitlements */ = {isa = PBXFileReference; lastKnownFileType = text.plist.entitlements; path = Networkman.entitlements; sourceTree = "<group>"; };
		CC3CDB3524717DBE00F20ACC /* io.github.dyumin.networkman.netd.systemextension */ = {isa = PBXFileReference; explicitFileType = "wrapper.system-extension"; includeInIndex = 0; path = io.github.dyumin.networkman.netd.systemextension; sourceTree = BUILT_PRODUCTS_DIR; };
		CC3CDB3724717DBE00F20ACC /* NetworkExtension.framework */ = {isa = PBXFileReference; lastKnownFileType = wrapper.framework; name = NetworkExtension.framework; path = System/Library/Frameworks/NetworkExtension.framework; sourceTree = SDKROOT; };
		CC3CDB3A24717DBE00F20ACC /* FilterPacketProvider.h */ = {isa = PBXFileReference; lastKnownFileType = sourcecode.c.h; path = FilterPacketProvider.h; sourceTree = "<group>"; };
		CC3CDB3B24717DBE00F20ACC /* FilterPacketProvider.m */ = {isa = PBXFileReference; lastKnownFileType = sourcecode.c.objc; path = FilterPacketProvider.m; sourceTree = "<group>"; };
		CC3CDB3D24717DBE00F20ACC /* main.m */ = {isa = PBXFileReference; lastKnownFileType = sourcecode.c.objc; path = main.m; sourceTree = "<group>"; };
		CC3CDB3F24717DBF00F20ACC /* Info.plist */ = {isa = PBXFileReference; lastKnownFileType = text.plist.xml; path = Info.plist; sourceTree = "<group>"; };
		CC3CDB4024717DBF00F20ACC /* netd.entitlements */ = {isa = PBXFileReference; lastKnownFileType = text.plist.entitlements; path = netd.entitlements; sourceTree = "<group>"; };
/* End PBXFileReference section */

/* Begin PBXFrameworksBuildPhase section */
		CC3CDB00247174ED00F20ACC /* Frameworks */ = {
			isa = PBXFrameworksBuildPhase;
			buildActionMask = 2147483647;
			files = (
			);
			runOnlyForDeploymentPostprocessing = 0;
		};
		CC3CDB3224717DBE00F20ACC /* Frameworks */ = {
			isa = PBXFrameworksBuildPhase;
			buildActionMask = 2147483647;
			files = (
				CC3CDB3824717DBE00F20ACC /* NetworkExtension.framework in Frameworks */,
			);
			runOnlyForDeploymentPostprocessing = 0;
		};
/* End PBXFrameworksBuildPhase section */

/* Begin PBXGroup section */
		CC3CDAFA247174ED00F20ACC = {
			isa = PBXGroup;
			children = (
				CC3CDB05247174EE00F20ACC /* Networkman */,
				CC3CDB3924717DBE00F20ACC /* netd */,
				CC3CDB3624717DBE00F20ACC /* Frameworks */,
				CC3CDB04247174ED00F20ACC /* Products */,
			);
			sourceTree = "<group>";
		};
		CC3CDB04247174ED00F20ACC /* Products */ = {
			isa = PBXGroup;
			children = (
				CC3CDB03247174ED00F20ACC /* Networkman.app */,
				CC3CDB3524717DBE00F20ACC /* io.github.dyumin.networkman.netd.systemextension */,
			);
			name = Products;
			sourceTree = "<group>";
		};
		CC3CDB05247174EE00F20ACC /* Networkman */ = {
			isa = PBXGroup;
			children = (
				CC3CDB06247174EE00F20ACC /* AppDelegate.h */,
				CC3CDB07247174EE00F20ACC /* AppDelegate.m */,
				CC3CDB09247174EE00F20ACC /* ViewController.h */,
				CC3CDB0A247174EE00F20ACC /* ViewController.m */,
				CC3CDB0C247174EF00F20ACC /* Assets.xcassets */,
				CC3CDB0E247174EF00F20ACC /* Main.storyboard */,
				CC3CDB11247174EF00F20ACC /* Info.plist */,
				CC3CDB12247174EF00F20ACC /* main.m */,
				CC3CDB14247174EF00F20ACC /* Networkman.entitlements */,
			);
			path = Networkman;
			sourceTree = "<group>";
		};
		CC3CDB3624717DBE00F20ACC /* Frameworks */ = {
			isa = PBXGroup;
			children = (
				CC3CDB3724717DBE00F20ACC /* NetworkExtension.framework */,
			);
			name = Frameworks;
			sourceTree = "<group>";
		};
		CC3CDB3924717DBE00F20ACC /* netd */ = {
			isa = PBXGroup;
			children = (
				CC3CDB3A24717DBE00F20ACC /* FilterPacketProvider.h */,
				CC3CDB3B24717DBE00F20ACC /* FilterPacketProvider.m */,
				CC3CDB3D24717DBE00F20ACC /* main.m */,
				CC3CDB3F24717DBF00F20ACC /* Info.plist */,
				CC3CDB4024717DBF00F20ACC /* netd.entitlements */,
			);
			path = netd;
			sourceTree = "<group>";
		};
/* End PBXGroup section */

/* Begin PBXNativeTarget section */
		CC3CDB02247174ED00F20ACC /* Networkman */ = {
			isa = PBXNativeTarget;
			buildConfigurationList = CC3CDB17247174EF00F20ACC /* Build configuration list for PBXNativeTarget "Networkman" */;
			buildPhases = (
				CC3CDAFF247174ED00F20ACC /* Sources */,
				CC3CDB00247174ED00F20ACC /* Frameworks */,
				CC3CDB01247174ED00F20ACC /* Resources */,
				CC3CDB4424717DBF00F20ACC /* Embed System Extensions */,
			);
			buildRules = (
			);
			dependencies = (
				CC3CDB4224717DBF00F20ACC /* PBXTargetDependency */,
			);
			name = Networkman;
			productName = Networkman;
			productReference = CC3CDB03247174ED00F20ACC /* Networkman.app */;
			productType = "com.apple.product-type.application";
		};
		CC3CDB3424717DBE00F20ACC /* netd */ = {
			isa = PBXNativeTarget;
			buildConfigurationList = CC3CDB4724717DBF00F20ACC /* Build configuration list for PBXNativeTarget "netd" */;
			buildPhases = (
				CC3CDB3124717DBE00F20ACC /* Sources */,
				CC3CDB3224717DBE00F20ACC /* Frameworks */,
				CC3CDB3324717DBE00F20ACC /* Resources */,
			);
			buildRules = (
			);
			dependencies = (
			);
			name = netd;
			productName = netd;
			productReference = CC3CDB3524717DBE00F20ACC /* io.github.dyumin.networkman.netd.systemextension */;
			productType = "com.apple.product-type.system-extension";
		};
/* End PBXNativeTarget section */

/* Begin PBXProject section */
		CC3CDAFB247174ED00F20ACC /* Project object */ = {
			isa = PBXProject;
			attributes = {
				LastUpgradeCheck = 1140;
				ORGANIZATIONNAME = "Alexey Dyumin";
				TargetAttributes = {
					CC3CDB02247174ED00F20ACC = {
						CreatedOnToolsVersion = 11.4.1;
					};
					CC3CDB3424717DBE00F20ACC = {
						CreatedOnToolsVersion = 11.4.1;
					};
				};
			};
			buildConfigurationList = CC3CDAFE247174ED00F20ACC /* Build configuration list for PBXProject "Networkman" */;
			compatibilityVersion = "Xcode 9.3";
			developmentRegion = en;
			hasScannedForEncodings = 0;
			knownRegions = (
				en,
				Base,
			);
			mainGroup = CC3CDAFA247174ED00F20ACC;
			productRefGroup = CC3CDB04247174ED00F20ACC /* Products */;
			projectDirPath = "";
			projectRoot = "";
			targets = (
				CC3CDB02247174ED00F20ACC /* Networkman */,
				CC3CDB3424717DBE00F20ACC /* netd */,
			);
		};
/* End PBXProject section */

/* Begin PBXResourcesBuildPhase section */
		CC3CDB01247174ED00F20ACC /* Resources */ = {
			isa = PBXResourcesBuildPhase;
			buildActionMask = 2147483647;
			files = (
				CC3CDB0D247174EF00F20ACC /* Assets.xcassets in Resources */,
				CC3CDB10247174EF00F20ACC /* Main.storyboard in Resources */,
			);
			runOnlyForDeploymentPostprocessing = 0;
		};
		CC3CDB3324717DBE00F20ACC /* Resources */ = {
			isa = PBXResourcesBuildPhase;
			buildActionMask = 2147483647;
			files = (
			);
			runOnlyForDeploymentPostprocessing = 0;
		};
/* End PBXResourcesBuildPhase section */

/* Begin PBXSourcesBuildPhase section */
		CC3CDAFF247174ED00F20ACC /* Sources */ = {
			isa = PBXSourcesBuildPhase;
			buildActionMask = 2147483647;
			files = (
				CC3CDB0B247174EE00F20ACC /* ViewController.m in Sources */,
				CC3CDB13247174EF00F20ACC /* main.m in Sources */,
				CC3CDB08247174EE00F20ACC /* AppDelegate.m in Sources */,
			);
			runOnlyForDeploymentPostprocessing = 0;
		};
		CC3CDB3124717DBE00F20ACC /* Sources */ = {
			isa = PBXSourcesBuildPhase;
			buildActionMask = 2147483647;
			files = (
				CC3CDB3E24717DBF00F20ACC /* main.m in Sources */,
				CC3CDB3C24717DBE00F20ACC /* FilterPacketProvider.m in Sources */,
			);
			runOnlyForDeploymentPostprocessing = 0;
		};
/* End PBXSourcesBuildPhase section */

/* Begin PBXTargetDependency section */
		CC3CDB4224717DBF00F20ACC /* PBXTargetDependency */ = {
			isa = PBXTargetDependency;
			target = CC3CDB3424717DBE00F20ACC /* netd */;
			targetProxy = CC3CDB4124717DBF00F20ACC /* PBXContainerItemProxy */;
		};
/* End PBXTargetDependency section */

/* Begin PBXVariantGroup section */
		CC3CDB0E247174EF00F20ACC /* Main.storyboard */ = {
			isa = PBXVariantGroup;
			children = (
				CC3CDB0F247174EF00F20ACC /* Base */,
			);
			name = Main.storyboard;
			sourceTree = "<group>";
		};
/* End PBXVariantGroup section */

/* Begin XCBuildConfiguration section */
		CC3CDB15247174EF00F20ACC /* Debug */ = {
			isa = XCBuildConfiguration;
			buildSettings = {
				ALWAYS_SEARCH_USER_PATHS = NO;
				CLANG_ANALYZER_NONNULL = YES;
				CLANG_ANALYZER_NUMBER_OBJECT_CONVERSION = YES_AGGRESSIVE;
				CLANG_CXX_LANGUAGE_STANDARD = "gnu++14";
				CLANG_CXX_LIBRARY = "libc++";
				CLANG_ENABLE_MODULES = YES;
				CLANG_ENABLE_OBJC_ARC = YES;
				CLANG_ENABLE_OBJC_WEAK = YES;
				CLANG_WARN_BLOCK_CAPTURE_AUTORELEASING = YES;
				CLANG_WARN_BOOL_CONVERSION = YES;
				CLANG_WARN_COMMA = YES;
				CLANG_WARN_CONSTANT_CONVERSION = YES;
				CLANG_WARN_DEPRECATED_OBJC_IMPLEMENTATIONS = YES;
				CLANG_WARN_DIRECT_OBJC_ISA_USAGE = YES_ERROR;
				CLANG_WARN_DOCUMENTATION_COMMENTS = YES;
				CLANG_WARN_EMPTY_BODY = YES;
				CLANG_WARN_ENUM_CONVERSION = YES;
				CLANG_WARN_INFINITE_RECURSION = YES;
				CLANG_WARN_INT_CONVERSION = YES;
				CLANG_WARN_NON_LITERAL_NULL_CONVERSION = YES;
				CLANG_WARN_OBJC_IMPLICIT_RETAIN_SELF = YES;
				CLANG_WARN_OBJC_LITERAL_CONVERSION = YES;
				CLANG_WARN_OBJC_ROOT_CLASS = YES_ERROR;
				CLANG_WARN_RANGE_LOOP_ANALYSIS = YES;
				CLANG_WARN_STRICT_PROTOTYPES = YES;
				CLANG_WARN_SUSPICIOUS_MOVE = YES;
				CLANG_WARN_UNGUARDED_AVAILABILITY = YES_AGGRESSIVE;
				CLANG_WARN_UNREACHABLE_CODE = YES;
				CLANG_WARN__DUPLICATE_METHOD_MATCH = YES;
				COPY_PHASE_STRIP = NO;
				DEBUG_INFORMATION_FORMAT = dwarf;
				ENABLE_STRICT_OBJC_MSGSEND = YES;
				ENABLE_TESTABILITY = YES;
				GCC_C_LANGUAGE_STANDARD = gnu11;
				GCC_DYNAMIC_NO_PIC = NO;
				GCC_NO_COMMON_BLOCKS = YES;
				GCC_OPTIMIZATION_LEVEL = 0;
				GCC_PREPROCESSOR_DEFINITIONS = (
					"DEBUG=1",
					"$(inherited)",
				);
				GCC_WARN_64_TO_32_BIT_CONVERSION = YES;
				GCC_WARN_ABOUT_RETURN_TYPE = YES_ERROR;
				GCC_WARN_UNDECLARED_SELECTOR = YES;
				GCC_WARN_UNINITIALIZED_AUTOS = YES_AGGRESSIVE;
				GCC_WARN_UNUSED_FUNCTION = YES;
				GCC_WARN_UNUSED_VARIABLE = YES;
				MACOSX_DEPLOYMENT_TARGET = 10.15;
				MTL_ENABLE_DEBUG_INFO = INCLUDE_SOURCE;
				MTL_FAST_MATH = YES;
				ONLY_ACTIVE_ARCH = YES;
				SDKROOT = macosx;
			};
			name = Debug;
		};
		CC3CDB16247174EF00F20ACC /* Release */ = {
			isa = XCBuildConfiguration;
			buildSettings = {
				ALWAYS_SEARCH_USER_PATHS = NO;
				CLANG_ANALYZER_NONNULL = YES;
				CLANG_ANALYZER_NUMBER_OBJECT_CONVERSION = YES_AGGRESSIVE;
				CLANG_CXX_LANGUAGE_STANDARD = "gnu++14";
				CLANG_CXX_LIBRARY = "libc++";
				CLANG_ENABLE_MODULES = YES;
				CLANG_ENABLE_OBJC_ARC = YES;
				CLANG_ENABLE_OBJC_WEAK = YES;
				CLANG_WARN_BLOCK_CAPTURE_AUTORELEASING = YES;
				CLANG_WARN_BOOL_CONVERSION = YES;
				CLANG_WARN_COMMA = YES;
				CLANG_WARN_CONSTANT_CONVERSION = YES;
				CLANG_WARN_DEPRECATED_OBJC_IMPLEMENTATIONS = YES;
				CLANG_WARN_DIRECT_OBJC_ISA_USAGE = YES_ERROR;
				CLANG_WARN_DOCUMENTATION_COMMENTS = YES;
				CLANG_WARN_EMPTY_BODY = YES;
				CLANG_WARN_ENUM_CONVERSION = YES;
				CLANG_WARN_INFINITE_RECURSION = YES;
				CLANG_WARN_INT_CONVERSION = YES;
				CLANG_WARN_NON_LITERAL_NULL_CONVERSION = YES;
				CLANG_WARN_OBJC_IMPLICIT_RETAIN_SELF = YES;
				CLANG_WARN_OBJC_LITERAL_CONVERSION = YES;
				CLANG_WARN_OBJC_ROOT_CLASS = YES_ERROR;
				CLANG_WARN_RANGE_LOOP_ANALYSIS = YES;
				CLANG_WARN_STRICT_PROTOTYPES = YES;
				CLANG_WARN_SUSPICIOUS_MOVE = YES;
				CLANG_WARN_UNGUARDED_AVAILABILITY = YES_AGGRESSIVE;
				CLANG_WARN_UNREACHABLE_CODE = YES;
				CLANG_WARN__DUPLICATE_METHOD_MATCH = YES;
				COPY_PHASE_STRIP = NO;
				DEBUG_INFORMATION_FORMAT = "dwarf-with-dsym";
				ENABLE_NS_ASSERTIONS = NO;
				ENABLE_STRICT_OBJC_MSGSEND = YES;
				GCC_C_LANGUAGE_STANDARD = gnu11;
				GCC_NO_COMMON_BLOCKS = YES;
				GCC_PREPROCESSOR_DEFINITIONS = NDEBUG;
				GCC_WARN_64_TO_32_BIT_CONVERSION = YES;
				GCC_WARN_ABOUT_RETURN_TYPE = YES_ERROR;
				GCC_WARN_UNDECLARED_SELECTOR = YES;
				GCC_WARN_UNINITIALIZED_AUTOS = YES_AGGRESSIVE;
				GCC_WARN_UNUSED_FUNCTION = YES;
				GCC_WARN_UNUSED_VARIABLE = YES;
				MACOSX_DEPLOYMENT_TARGET = 10.15;
				MTL_ENABLE_DEBUG_INFO = NO;
				MTL_FAST_MATH = YES;
				SDKROOT = macosx;
			};
			name = Release;
		};
		CC3CDB18247174EF00F20ACC /* Debug */ = {
			isa = XCBuildConfiguration;
			buildSettings = {
				ASSETCATALOG_COMPILER_APPICON_NAME = AppIcon;
				CODE_SIGN_ENTITLEMENTS = Networkman/Networkman.entitlements;
				CODE_SIGN_STYLE = Automatic;
				COMBINE_HIDPI_IMAGES = YES;
				DEVELOPMENT_TEAM = UCTQDPM624;
				ENABLE_HARDENED_RUNTIME = YES;
				INFOPLIST_FILE = Networkman/Info.plist;
				LD_RUNPATH_SEARCH_PATHS = (
					"$(inherited)",
					"@executable_path/../Frameworks",
				);
				MACOSX_DEPLOYMENT_TARGET = 10.15;
				PRODUCT_BUNDLE_IDENTIFIER = io.github.dyumin.networkman;
				PRODUCT_NAME = "$(TARGET_NAME)";
			};
			name = Debug;
		};
		CC3CDB19247174EF00F20ACC /* Release */ = {
			isa = XCBuildConfiguration;
			buildSettings = {
				ASSETCATALOG_COMPILER_APPICON_NAME = AppIcon;
				CODE_SIGN_ENTITLEMENTS = Networkman/Networkman.entitlements;
				CODE_SIGN_STYLE = Automatic;
				COMBINE_HIDPI_IMAGES = YES;
				DEVELOPMENT_TEAM = UCTQDPM624;
				ENABLE_HARDENED_RUNTIME = YES;
				INFOPLIST_FILE = Networkman/Info.plist;
				LD_RUNPATH_SEARCH_PATHS = (
					"$(inherited)",
					"@executable_path/../Frameworks",
				);
				MACOSX_DEPLOYMENT_TARGET = 10.15;
				PRODUCT_BUNDLE_IDENTIFIER = io.github.dyumin.networkman;
				PRODUCT_NAME = "$(TARGET_NAME)";
			};
			name = Release;
		};
		CC3CDB4524717DBF00F20ACC /* Debug */ = {
			isa = XCBuildConfiguration;
			buildSettings = {
				CODE_SIGN_ENTITLEMENTS = netd/netd.entitlements;
				CODE_SIGN_STYLE = Automatic;
				DEVELOPMENT_TEAM = UCTQDPM624;
				ENABLE_HARDENED_RUNTIME = YES;
				INFOPLIST_FILE = netd/Info.plist;
				LD_RUNPATH_SEARCH_PATHS = (
					"$(inherited)",
					"@executable_path/../Frameworks",
					"@executable_path/../../../../Frameworks",
				);
				MACOSX_DEPLOYMENT_TARGET = 10.15;
				PRODUCT_BUNDLE_IDENTIFIER = io.github.dyumin.networkman.netd;
				PRODUCT_NAME = "$(inherited)";
				SKIP_INSTALL = YES;
			};
			name = Debug;
		};
		CC3CDB4624717DBF00F20ACC /* Release */ = {
			isa = XCBuildConfiguration;
			buildSettings = {
				CODE_SIGN_ENTITLEMENTS = netd/netd.entitlements;
				CODE_SIGN_STYLE = Automatic;
				DEVELOPMENT_TEAM = UCTQDPM624;
				ENABLE_HARDENED_RUNTIME = YES;
				INFOPLIST_FILE = netd/Info.plist;
				LD_RUNPATH_SEARCH_PATHS = (
					"$(inherited)",
					"@executable_path/../Frameworks",
					"@executable_path/../../../../Frameworks",
				);
				MACOSX_DEPLOYMENT_TARGET = 10.15;
				PRODUCT_BUNDLE_IDENTIFIER = io.github.dyumin.networkman.netd;
				PRODUCT_NAME = "$(inherited)";
				SKIP_INSTALL = YES;
			};
			name = Release;
		};
/* End XCBuildConfiguration section */

/* Begin XCConfigurationList section */
		CC3CDAFE247174ED00F20ACC /* Build configuration list for PBXProject "Networkman" */ = {
			isa = XCConfigurationList;
			buildConfigurations = (
				CC3CDB15247174EF00F20ACC /* Debug */,
				CC3CDB16247174EF00F20ACC /* Release */,
			);
			defaultConfigurationIsVisible = 0;
			defaultConfigurationName = Release;
		};
		CC3CDB17247174EF00F20ACC /* Build configuration list for PBXNativeTarget "Networkman" */ = {
			isa = XCConfigurationList;
			buildConfigurations = (
				CC3CDB18247174EF00F20ACC /* Debug */,
				CC3CDB19247174EF00F20ACC /* Release */,
			);
			defaultConfigurationIsVisible = 0;
			defaultConfigurationName = Release;
		};
		CC3CDB4724717DBF00F20ACC /* Build configuration list for PBXNativeTarget "netd" */ = {
			isa = XCConfigurationList;
			buildConfigurations = (
				CC3CDB4524717DBF00F20ACC /* Debug */,
				CC3CDB4624717DBF00F20ACC /* Release */,
			);
			defaultConfigurationIsVisible = 0;
			defaultConfigurationName = Release;
		};
/* End XCConfigurationList section */
	};
	rootObject = CC3CDAFB247174ED00F20ACC /* Project object */;
}
